// !$*UTF8*$!
{
	archiveVersion = 1;
	classes = {
	};
	objectVersion = 46;
	objects = {

/* Begin PBXBuildFile section */
		A121C4181A9182BC00F4C8F6 /* server.der in Resources */ = {isa = PBXBuildFile; fileRef = A121C4161A9182BC00F4C8F6 /* server.der */; };
		A121C4191A9182BC00F4C8F6 /* server.p12 in Resources */ = {isa = PBXBuildFile; fileRef = A121C4171A9182BC00F4C8F6 /* server.p12 */; };
		A1A6C8641A90306B001D3D87 /* main.m in Sources */ = {isa = PBXBuildFile; fileRef = A1A6C8631A90306B001D3D87 /* main.m */; };
		A1A6C8671A90306B001D3D87 /* AppDelegate.m in Sources */ = {isa = PBXBuildFile; fileRef = A1A6C8661A90306B001D3D87 /* AppDelegate.m */; };
		A1A6C86A1A90306B001D3D87 /* ViewController.m in Sources */ = {isa = PBXBuildFile; fileRef = A1A6C8691A90306B001D3D87 /* ViewController.m */; };
		A1A6C86C1A90306B001D3D87 /* Images.xcassets in Resources */ = {isa = PBXBuildFile; fileRef = A1A6C86B1A90306B001D3D87 /* Images.xcassets */; };
		A1A6C86F1A90306B001D3D87 /* LaunchScreen.xib in Resources */ = {isa = PBXBuildFile; fileRef = A1A6C86D1A90306B001D3D87 /* LaunchScreen.xib */; };
		A1A6C8821A903083001D3D87 /* Crypto.h in Sources */ = {isa = PBXBuildFile; fileRef = A1E289531A8DEA4B008AA88D /* Crypto.h */; };
		A1A6C8831A903083001D3D87 /* Crypto.m in Sources */ = {isa = PBXBuildFile; fileRef = A1E289551A8DEA4B008AA88D /* Crypto.m */; };
		A1E289541A8DEA4B008AA88D /* Crypto.h in CopyFiles */ = {isa = PBXBuildFile; fileRef = A1E289531A8DEA4B008AA88D /* Crypto.h */; };
		A1E289561A8DEA4B008AA88D /* Crypto.m in Sources */ = {isa = PBXBuildFile; fileRef = A1E289551A8DEA4B008AA88D /* Crypto.m */; };
		A1E2895C1A8DEA4B008AA88D /* libCrypto.a in Frameworks */ = {isa = PBXBuildFile; fileRef = A1E289501A8DEA4B008AA88D /* libCrypto.a */; };
		A1E2896B1A8DF74E008AA88D /* CryptoTest.m in Sources */ = {isa = PBXBuildFile; fileRef = A1E2896A1A8DF74E008AA88D /* CryptoTest.m */; };
/* End PBXBuildFile section */

/* Begin PBXContainerItemProxy section */
		A1E2895D1A8DEA4B008AA88D /* PBXContainerItemProxy */ = {
			isa = PBXContainerItemProxy;
			containerPortal = A1E289481A8DEA4B008AA88D /* Project object */;
			proxyType = 1;
			remoteGlobalIDString = A1E2894F1A8DEA4B008AA88D;
			remoteInfo = Crypto;
		};
/* End PBXContainerItemProxy section */

/* Begin PBXCopyFilesBuildPhase section */
		A1E2894E1A8DEA4B008AA88D /* CopyFiles */ = {
			isa = PBXCopyFilesBuildPhase;
			buildActionMask = 2147483647;
			dstPath = "include/$(PRODUCT_NAME)";
			dstSubfolderSpec = 16;
			files = (
				A1E289541A8DEA4B008AA88D /* Crypto.h in CopyFiles */,
			);
			runOnlyForDeploymentPostprocessing = 0;
		};
/* End PBXCopyFilesBuildPhase section */

/* Begin PBXFileReference section */
		A121C4161A9182BC00F4C8F6 /* server.der */ = {isa = PBXFileReference; lastKnownFileType = file; path = server.der; sourceTree = "<group>"; };
		A121C4171A9182BC00F4C8F6 /* server.p12 */ = {isa = PBXFileReference; lastKnownFileType = file; path = server.p12; sourceTree = "<group>"; };
		A1A6C85F1A90306A001D3D87 /* CryptoTest.app */ = {isa = PBXFileReference; explicitFileType = wrapper.application; includeInIndex = 0; path = CryptoTest.app; sourceTree = BUILT_PRODUCTS_DIR; };
		A1A6C8621A90306A001D3D87 /* Info.plist */ = {isa = PBXFileReference; lastKnownFileType = text.plist.xml; path = Info.plist; sourceTree = "<group>"; };
		A1A6C8631A90306B001D3D87 /* main.m */ = {isa = PBXFileReference; lastKnownFileType = sourcecode.c.objc; path = main.m; sourceTree = "<group>"; };
		A1A6C8651A90306B001D3D87 /* AppDelegate.h */ = {isa = PBXFileReference; lastKnownFileType = sourcecode.c.h; path = AppDelegate.h; sourceTree = "<group>"; };
		A1A6C8661A90306B001D3D87 /* AppDelegate.m */ = {isa = PBXFileReference; lastKnownFileType = sourcecode.c.objc; path = AppDelegate.m; sourceTree = "<group>"; };
		A1A6C8681A90306B001D3D87 /* ViewController.h */ = {isa = PBXFileReference; lastKnownFileType = sourcecode.c.h; path = ViewController.h; sourceTree = "<group>"; };
		A1A6C8691A90306B001D3D87 /* ViewController.m */ = {isa = PBXFileReference; lastKnownFileType = sourcecode.c.objc; path = ViewController.m; sourceTree = "<group>"; };
		A1A6C86B1A90306B001D3D87 /* Images.xcassets */ = {isa = PBXFileReference; lastKnownFileType = folder.assetcatalog; path = Images.xcassets; sourceTree = "<group>"; };
		A1A6C86E1A90306B001D3D87 /* Base */ = {isa = PBXFileReference; lastKnownFileType = file.xib; name = Base; path = Base.lproj/LaunchScreen.xib; sourceTree = "<group>"; };
		A1E289501A8DEA4B008AA88D /* libCrypto.a */ = {isa = PBXFileReference; explicitFileType = archive.ar; includeInIndex = 0; path = libCrypto.a; sourceTree = BUILT_PRODUCTS_DIR; };
		A1E289531A8DEA4B008AA88D /* Crypto.h */ = {isa = PBXFileReference; lastKnownFileType = sourcecode.c.h; path = Crypto.h; sourceTree = "<group>"; };
		A1E289551A8DEA4B008AA88D /* Crypto.m */ = {isa = PBXFileReference; lastKnownFileType = sourcecode.c.objc; path = Crypto.m; sourceTree = "<group>"; };
		A1E2895B1A8DEA4B008AA88D /* CryptoTests.xctest */ = {isa = PBXFileReference; explicitFileType = wrapper.cfbundle; includeInIndex = 0; path = CryptoTests.xctest; sourceTree = BUILT_PRODUCTS_DIR; };
		A1E289611A8DEA4B008AA88D /* Info.plist */ = {isa = PBXFileReference; lastKnownFileType = text.plist.xml; path = Info.plist; sourceTree = "<group>"; };
		A1E2896A1A8DF74E008AA88D /* CryptoTest.m */ = {isa = PBXFileReference; fileEncoding = 4; lastKnownFileType = sourcecode.c.objc; path = CryptoTest.m; sourceTree = "<group>"; };
/* End PBXFileReference section */

/* Begin PBXFrameworksBuildPhase section */
		A1A6C85C1A90306A001D3D87 /* Frameworks */ = {
			isa = PBXFrameworksBuildPhase;
			buildActionMask = 2147483647;
			files = (
			);
			runOnlyForDeploymentPostprocessing = 0;
		};
		A1E2894D1A8DEA4B008AA88D /* Frameworks */ = {
			isa = PBXFrameworksBuildPhase;
			buildActionMask = 2147483647;
			files = (
			);
			runOnlyForDeploymentPostprocessing = 0;
		};
		A1E289581A8DEA4B008AA88D /* Frameworks */ = {
			isa = PBXFrameworksBuildPhase;
			buildActionMask = 2147483647;
			files = (
				A1E2895C1A8DEA4B008AA88D /* libCrypto.a in Frameworks */,
			);
			runOnlyForDeploymentPostprocessing = 0;
		};
/* End PBXFrameworksBuildPhase section */

/* Begin PBXGroup section */
		A1A6C8601A90306A001D3D87 /* CryptoTest */ = {
			isa = PBXGroup;
			children = (
				A121C4161A9182BC00F4C8F6 /* server.der */,
				A121C4171A9182BC00F4C8F6 /* server.p12 */,
				A1A6C8651A90306B001D3D87 /* AppDelegate.h */,
				A1A6C8661A90306B001D3D87 /* AppDelegate.m */,
				A1A6C8681A90306B001D3D87 /* ViewController.h */,
				A1A6C8691A90306B001D3D87 /* ViewController.m */,
				A1A6C86B1A90306B001D3D87 /* Images.xcassets */,
				A1A6C86D1A90306B001D3D87 /* LaunchScreen.xib */,
				A1A6C8611A90306A001D3D87 /* Supporting Files */,
			);
			path = CryptoTest;
			sourceTree = "<group>";
		};
		A1A6C8611A90306A001D3D87 /* Supporting Files */ = {
			isa = PBXGroup;
			children = (
				A1A6C8621A90306A001D3D87 /* Info.plist */,
				A1A6C8631A90306B001D3D87 /* main.m */,
			);
			name = "Supporting Files";
			sourceTree = "<group>";
		};
		A1E289471A8DEA4B008AA88D = {
			isa = PBXGroup;
			children = (
				A1E289521A8DEA4B008AA88D /* Crypto */,
				A1E2895F1A8DEA4B008AA88D /* CryptoTests */,
				A1A6C8601A90306A001D3D87 /* CryptoTest */,
				A1E289511A8DEA4B008AA88D /* Products */,
			);
			sourceTree = "<group>";
		};
		A1E289511A8DEA4B008AA88D /* Products */ = {
			isa = PBXGroup;
			children = (
				A1E289501A8DEA4B008AA88D /* libCrypto.a */,
				A1E2895B1A8DEA4B008AA88D /* CryptoTests.xctest */,
				A1A6C85F1A90306A001D3D87 /* CryptoTest.app */,
			);
			name = Products;
			sourceTree = "<group>";
		};
		A1E289521A8DEA4B008AA88D /* Crypto */ = {
			isa = PBXGroup;
			children = (
				A1E289531A8DEA4B008AA88D /* Crypto.h */,
				A1E289551A8DEA4B008AA88D /* Crypto.m */,
			);
			path = Crypto;
			sourceTree = "<group>";
		};
		A1E2895F1A8DEA4B008AA88D /* CryptoTests */ = {
			isa = PBXGroup;
			children = (
				A1E289601A8DEA4B008AA88D /* Supporting Files */,
				A1E2896A1A8DF74E008AA88D /* CryptoTest.m */,
			);
			path = CryptoTests;
			sourceTree = "<group>";
		};
		A1E289601A8DEA4B008AA88D /* Supporting Files */ = {
			isa = PBXGroup;
			children = (
				A1E289611A8DEA4B008AA88D /* Info.plist */,
			);
			name = "Supporting Files";
			sourceTree = "<group>";
		};
/* End PBXGroup section */

/* Begin PBXNativeTarget section */
		A1A6C85E1A90306A001D3D87 /* CryptoTest */ = {
			isa = PBXNativeTarget;
			buildConfigurationList = A1A6C87C1A90306B001D3D87 /* Build configuration list for PBXNativeTarget "CryptoTest" */;
			buildPhases = (
				A1A6C85B1A90306A001D3D87 /* Sources */,
				A1A6C85C1A90306A001D3D87 /* Frameworks */,
				A1A6C85D1A90306A001D3D87 /* Resources */,
			);
			buildRules = (
			);
			dependencies = (
			);
			name = CryptoTest;
			productName = CryptoTest;
			productReference = A1A6C85F1A90306A001D3D87 /* CryptoTest.app */;
			productType = "com.apple.product-type.application";
		};
		A1E2894F1A8DEA4B008AA88D /* Crypto */ = {
			isa = PBXNativeTarget;
			buildConfigurationList = A1E289641A8DEA4B008AA88D /* Build configuration list for PBXNativeTarget "Crypto" */;
			buildPhases = (
				A1E2894C1A8DEA4B008AA88D /* Sources */,
				A1E2894D1A8DEA4B008AA88D /* Frameworks */,
				A1E2894E1A8DEA4B008AA88D /* CopyFiles */,
			);
			buildRules = (
			);
			dependencies = (
			);
			name = Crypto;
			productName = Crypto;
			productReference = A1E289501A8DEA4B008AA88D /* libCrypto.a */;
			productType = "com.apple.product-type.library.static";
		};
		A1E2895A1A8DEA4B008AA88D /* CryptoTests */ = {
			isa = PBXNativeTarget;
			buildConfigurationList = A1E289671A8DEA4B008AA88D /* Build configuration list for PBXNativeTarget "CryptoTests" */;
			buildPhases = (
				A1E289571A8DEA4B008AA88D /* Sources */,
				A1E289581A8DEA4B008AA88D /* Frameworks */,
				A1E289591A8DEA4B008AA88D /* Resources */,
			);
			buildRules = (
			);
			dependencies = (
				A1E2895E1A8DEA4B008AA88D /* PBXTargetDependency */,
			);
			name = CryptoTests;
			productName = CryptoTests;
			productReference = A1E2895B1A8DEA4B008AA88D /* CryptoTests.xctest */;
			productType = "com.apple.product-type.bundle.unit-test";
		};
/* End PBXNativeTarget section */

/* Begin PBXProject section */
		A1E289481A8DEA4B008AA88D /* Project object */ = {
			isa = PBXProject;
			attributes = {
				LastUpgradeCheck = 0610;
				ORGANIZATIONNAME = Littocats;
				TargetAttributes = {
					A1A6C85E1A90306A001D3D87 = {
						CreatedOnToolsVersion = 6.1.1;
					};
					A1E2894F1A8DEA4B008AA88D = {
						CreatedOnToolsVersion = 6.1.1;
					};
					A1E2895A1A8DEA4B008AA88D = {
						CreatedOnToolsVersion = 6.1.1;
					};
				};
			};
			buildConfigurationList = A1E2894B1A8DEA4B008AA88D /* Build configuration list for PBXProject "Crypto" */;
			compatibilityVersion = "Xcode 3.2";
			developmentRegion = English;
			hasScannedForEncodings = 0;
			knownRegions = (
				en,
				Base,
			);
			mainGroup = A1E289471A8DEA4B008AA88D;
			productRefGroup = A1E289511A8DEA4B008AA88D /* Products */;
			projectDirPath = "";
			projectRoot = "";
			targets = (
				A1E2894F1A8DEA4B008AA88D /* Crypto */,
				A1E2895A1A8DEA4B008AA88D /* CryptoTests */,
				A1A6C85E1A90306A001D3D87 /* CryptoTest */,
			);
		};
/* End PBXProject section */

/* Begin PBXResourcesBuildPhase section */
		A1A6C85D1A90306A001D3D87 /* Resources */ = {
			isa = PBXResourcesBuildPhase;
			buildActionMask = 2147483647;
			files = (
				A1A6C86F1A90306B001D3D87 /* LaunchScreen.xib in Resources */,
				A121C4181A9182BC00F4C8F6 /* server.der in Resources */,
				A121C4191A9182BC00F4C8F6 /* server.p12 in Resources */,
				A1A6C86C1A90306B001D3D87 /* Images.xcassets in Resources */,
			);
			runOnlyForDeploymentPostprocessing = 0;
		};
		A1E289591A8DEA4B008AA88D /* Resources */ = {
			isa = PBXResourcesBuildPhase;
			buildActionMask = 2147483647;
			files = (
			);
			runOnlyForDeploymentPostprocessing = 0;
		};
/* End PBXResourcesBuildPhase section */

/* Begin PBXSourcesBuildPhase section */
		A1A6C85B1A90306A001D3D87 /* Sources */ = {
			isa = PBXSourcesBuildPhase;
			buildActionMask = 2147483647;
			files = (
				A1A6C8821A903083001D3D87 /* Crypto.h in Sources */,
				A1A6C8831A903083001D3D87 /* Crypto.m in Sources */,
				A1A6C86A1A90306B001D3D87 /* ViewController.m in Sources */,
				A1A6C8671A90306B001D3D87 /* AppDelegate.m in Sources */,
				A1A6C8641A90306B001D3D87 /* main.m in Sources */,
			);
			runOnlyForDeploymentPostprocessing = 0;
		};
		A1E2894C1A8DEA4B008AA88D /* Sources */ = {
			isa = PBXSourcesBuildPhase;
			buildActionMask = 2147483647;
			files = (
				A1E289561A8DEA4B008AA88D /* Crypto.m in Sources */,
			);
			runOnlyForDeploymentPostprocessing = 0;
		};
		A1E289571A8DEA4B008AA88D /* Sources */ = {
			isa = PBXSourcesBuildPhase;
			buildActionMask = 2147483647;
			files = (
				A1E2896B1A8DF74E008AA88D /* CryptoTest.m in Sources */,
			);
			runOnlyForDeploymentPostprocessing = 0;
		};
/* End PBXSourcesBuildPhase section */

/* Begin PBXTargetDependency section */
		A1E2895E1A8DEA4B008AA88D /* PBXTargetDependency */ = {
			isa = PBXTargetDependency;
			target = A1E2894F1A8DEA4B008AA88D /* Crypto */;
			targetProxy = A1E2895D1A8DEA4B008AA88D /* PBXContainerItemProxy */;
		};
/* End PBXTargetDependency section */

/* Begin PBXVariantGroup section */
		A1A6C86D1A90306B001D3D87 /* LaunchScreen.xib */ = {
			isa = PBXVariantGroup;
			children = (
				A1A6C86E1A90306B001D3D87 /* Base */,
			);
			name = LaunchScreen.xib;
			sourceTree = "<group>";
		};
/* End PBXVariantGroup section */

/* Begin XCBuildConfiguration section */
		A1A6C87D1A90306B001D3D87 /* Debug */ = {
			isa = XCBuildConfiguration;
			buildSettings = {
				ASSETCATALOG_COMPILER_APPICON_NAME = AppIcon;
				"CODE_SIGN_IDENTITY[sdk=iphoneos*]" = "iPhone Developer";
				GCC_PREPROCESSOR_DEFINITIONS = (
					"DEBUG=1",
					"$(inherited)",
				);
				INFOPLIST_FILE = CryptoTest/Info.plist;
				LD_RUNPATH_SEARCH_PATHS = "$(inherited) @executable_path/Frameworks";
				PRODUCT_NAME = "$(TARGET_NAME)";
				TARGETED_DEVICE_FAMILY = "1,2";
			};
			name = Debug;
		};
		A1A6C87E1A90306B001D3D87 /* Release */ = {
			isa = XCBuildConfiguration;
			buildSettings = {
				ASSETCATALOG_COMPILER_APPICON_NAME = AppIcon;
				"CODE_SIGN_IDENTITY[sdk=iphoneos*]" = "iPhone Developer";
				INFOPLIST_FILE = CryptoTest/Info.plist;
				LD_RUNPATH_SEARCH_PATHS = "$(inherited) @executable_path/Frameworks";
				PRODUCT_NAME = "$(TARGET_NAME)";
				TARGETED_DEVICE_FAMILY = "1,2";
			};
			name = Release;
		};
		A1E289621A8DEA4B008AA88D /* Debug */ = {
			isa = XCBuildConfiguration;
			buildSettings = {
				ALWAYS_SEARCH_USER_PATHS = NO;
				CLANG_CXX_LANGUAGE_STANDARD = "gnu++0x";
				CLANG_CXX_LIBRARY = "libc++";
				CLANG_ENABLE_MODULES = YES;
				CLANG_ENABLE_OBJC_ARC = YES;
				CLANG_WARN_BOOL_CONVERSION = YES;
				CLANG_WARN_CONSTANT_CONVERSION = YES;
				CLANG_WARN_DIRECT_OBJC_ISA_USAGE = YES_ERROR;
				CLANG_WARN_EMPTY_BODY = YES;
				CLANG_WARN_ENUM_CONVERSION = YES;
				CLANG_WARN_INT_CONVERSION = YES;
				CLANG_WARN_OBJC_ROOT_CLASS = YES_ERROR;
				CLANG_WARN_UNREACHABLE_CODE = YES;
				CLANG_WARN__DUPLICATE_METHOD_MATCH = YES;
				COPY_PHASE_STRIP = NO;
				ENABLE_STRICT_OBJC_MSGSEND = YES;
				GCC_C_LANGUAGE_STANDARD = gnu99;
				GCC_DYNAMIC_NO_PIC = NO;
				GCC_OPTIMIZATION_LEVEL = 0;
				GCC_PREPROCESSOR_DEFINITIONS = (
					"DEBUG=1",
					"$(inherited)",
				);
				GCC_SYMBOLS_PRIVATE_EXTERN = NO;
				GCC_WARN_64_TO_32_BIT_CONVERSION = YES;
				GCC_WARN_ABOUT_RETURN_TYPE = YES_ERROR;
				GCC_WARN_UNDECLARED_SELECTOR = YES;
				GCC_WARN_UNINITIALIZED_AUTOS = YES_AGGRESSIVE;
				GCC_WARN_UNUSED_FUNCTION = YES;
				GCC_WARN_UNUSED_VARIABLE = YES;
				IPHONEOS_DEPLOYMENT_TARGET = 8.1;
				MTL_ENABLE_DEBUG_INFO = YES;
				ONLY_ACTIVE_ARCH = YES;
				SDKROOT = iphoneos;
			};
			name = Debug;
		};
		A1E289631A8DEA4B008AA88D /* Release */ = {
			isa = XCBuildConfiguration;
			buildSettings = {
				ALWAYS_SEARCH_USER_PATHS = NO;
				CLANG_CXX_LANGUAGE_STANDARD = "gnu++0x";
				CLANG_CXX_LIBRARY = "libc++";
				CLANG_ENABLE_MODULES = YES;
				CLANG_ENABLE_OBJC_ARC = YES;
				CLANG_WARN_BOOL_CONVERSION = YES;
				CLANG_WARN_CONSTANT_CONVERSION = YES;
				CLANG_WARN_DIRECT_OBJC_ISA_USAGE = YES_ERROR;
				CLANG_WARN_EMPTY_BODY = YES;
				CLANG_WARN_ENUM_CONVERSION = YES;
				CLANG_WARN_INT_CONVERSION = YES;
				CLANG_WARN_OBJC_ROOT_CLASS = YES_ERROR;
				CLANG_WARN_UNREACHABLE_CODE = YES;
				CLANG_WARN__DUPLICATE_METHOD_MATCH = YES;
				COPY_PHASE_STRIP = YES;
				ENABLE_NS_ASSERTIONS = NO;
				ENABLE_STRICT_OBJC_MSGSEND = YES;
				GCC_C_LANGUAGE_STANDARD = gnu99;
				GCC_WARN_64_TO_32_BIT_CONVERSION = YES;
				GCC_WARN_ABOUT_RETURN_TYPE = YES_ERROR;
				GCC_WARN_UNDECLARED_SELECTOR = YES;
				GCC_WARN_UNINITIALIZED_AUTOS = YES_AGGRESSIVE;
				GCC_WARN_UNUSED_FUNCTION = YES;
				GCC_WARN_UNUSED_VARIABLE = YES;
				IPHONEOS_DEPLOYMENT_TARGET = 8.1;
				MTL_ENABLE_DEBUG_INFO = NO;
				SDKROOT = iphoneos;
				VALIDATE_PRODUCT = YES;
			};
			name = Release;
		};
		A1E289651A8DEA4B008AA88D /* Debug */ = {
			isa = XCBuildConfiguration;
			buildSettings = {
				OTHER_LDFLAGS = "-ObjC";
				PRODUCT_NAME = "$(TARGET_NAME)";
				SKIP_INSTALL = YES;
			};
			name = Debug;
		};
		A1E289661A8DEA4B008AA88D /* Release */ = {
			isa = XCBuildConfiguration;
			buildSettings = {
				OTHER_LDFLAGS = "-ObjC";
				PRODUCT_NAME = "$(TARGET_NAME)";
				SKIP_INSTALL = YES;
			};
			name = Release;
		};
		A1E289681A8DEA4B008AA88D /* Debug */ = {
			isa = XCBuildConfiguration;
			buildSettings = {
				FRAMEWORK_SEARCH_PATHS = (
					"$(SDKROOT)/Developer/Library/Frameworks",
					"$(inherited)",
				);
				GCC_PREPROCESSOR_DEFINITIONS = (
					"DEBUG=1",
					"$(inherited)",
				);
				INFOPLIST_FILE = CryptoTests/Info.plist;
				LD_RUNPATH_SEARCH_PATHS = "$(inherited) @executable_path/Frameworks @loader_path/Frameworks";
				PRODUCT_NAME = "$(TARGET_NAME)";
			};
			name = Debug;
		};
		A1E289691A8DEA4B008AA88D /* Release */ = {
			isa = XCBuildConfiguration;
			buildSettings = {
				FRAMEWORK_SEARCH_PATHS = (
					"$(SDKROOT)/Developer/Library/Frameworks",
					"$(inherited)",
				);
				INFOPLIST_FILE = CryptoTests/Info.plist;
				LD_RUNPATH_SEARCH_PATHS = "$(inherited) @executable_path/Frameworks @loader_path/Frameworks";
				PRODUCT_NAME = "$(TARGET_NAME)";
			};
			name = Release;
		};
/* End XCBuildConfiguration section */

/* Begin XCConfigurationList section */
		A1A6C87C1A90306B001D3D87 /* Build configuration list for PBXNativeTarget "CryptoTest" */ = {
			isa = XCConfigurationList;
			buildConfigurations = (
				A1A6C87D1A90306B001D3D87 /* Debug */,
				A1A6C87E1A90306B001D3D87 /* Release */,
			);
			defaultConfigurationIsVisible = 0;
			defaultConfigurationName = Release;
		};
		A1E2894B1A8DEA4B008AA88D /* Build configuration list for PBXProject "Crypto" */ = {
			isa = XCConfigurationList;
			buildConfigurations = (
				A1E289621A8DEA4B008AA88D /* Debug */,
				A1E289631A8DEA4B008AA88D /* Release */,
			);
			defaultConfigurationIsVisible = 0;
			defaultConfigurationName = Release;
		};
		A1E289641A8DEA4B008AA88D /* Build configuration list for PBXNativeTarget "Crypto" */ = {
			isa = XCConfigurationList;
			buildConfigurations = (
				A1E289651A8DEA4B008AA88D /* Debug */,
				A1E289661A8DEA4B008AA88D /* Release */,
			);
			defaultConfigurationIsVisible = 0;
			defaultConfigurationName = Release;
		};
		A1E289671A8DEA4B008AA88D /* Build configuration list for PBXNativeTarget "CryptoTests" */ = {
			isa = XCConfigurationList;
			buildConfigurations = (
				A1E289681A8DEA4B008AA88D /* Debug */,
				A1E289691A8DEA4B008AA88D /* Release */,
			);
			defaultConfigurationIsVisible = 0;
			defaultConfigurationName = Release;
		};
/* End XCConfigurationList section */
	};
	rootObject = A1E289481A8DEA4B008AA88D /* Project object */;
}
